
Microsoft Visual Studio Solution File, Format Version 12.00
# Visual Studio 14
VisualStudioVersion = 14.0.23107.0
MinimumVisualStudioVersion = 10.0.40219.1
Project("{FAE04EC0-301F-11D3-BF4B-00C04F79EFBC}") = "AdaptorPatttern", "AdaptorPatttern\AdaptorPatttern.csproj", "{9DAC2DC3-EDB9-4160-936C-D7A5A7F13AF7}"
EndProject
Global
	GlobalSection(SolutionConfigurationPlatforms) = preSolution
		Debug|Any CPU = Debug|Any CPU
		Release|Any CPU = Release|Any CPU
	EndGlobalSection
	GlobalSection(ProjectConfigurationPlatforms) = postSolution
		{9DAC2DC3-EDB9-4160-936C-D7A5A7F13AF7}.Debug|Any CPU.ActiveCfg = Debug|Any CPU
		{9DAC2DC3-EDB9-4160-936C-D7A5A7F13AF7}.Debug|Any CPU.Build.0 = Debug|Any CPU
		{9DAC2DC3-EDB9-4160-936C-D7A5A7F13AF7}.Release|Any CPU.ActiveCfg = Release|Any CPU
		{9DAC2DC3-EDB9-4160-936C-D7A5A7F13AF7}.Release|Any CPU.Build.0 = Release|Any CPU
	EndGlobalSection
	GlobalSection(SolutionProperties) = preSolution
		HideSolutionNode = FALSE
	EndGlobalSection
EndGlobal
